
Microsoft Visual Studio Solution File, Format Version 12.00
# Visual Studio Version 17
VisualStudioVersion = 17.14.36202.13 d17.14
MinimumVisualStudioVersion = 10.0.40219.1
Project("{FAE04EC0-301F-11D3-BF4B-00C04F79EFBC}") = "Afanasev", "Afanasev\Afanasev.csproj", "{F97A98F8-F622-4C72-82AA-9628B3E53AF3}"
EndProject
Global
	GlobalSection(SolutionConfigurationPlatforms) = preSolution
		Debug|Any CPU = Debug|Any CPU
		Release|Any CPU = Release|Any CPU
	EndGlobalSection
	GlobalSection(ProjectConfigurationPlatforms) = postSolution
		{F97A98F8-F622-4C72-82AA-9628B3E53AF3}.Debug|Any CPU.ActiveCfg = Debug|Any CPU
		{F97A98F8-F622-4C72-82AA-9628B3E53AF3}.Debug|Any CPU.Build.0 = Debug|Any CPU
		{F97A98F8-F622-4C72-82AA-9628B3E53AF3}.Release|Any CPU.ActiveCfg = Release|Any CPU
		{F97A98F8-F622-4C72-82AA-9628B3E53AF3}.Release|Any CPU.Build.0 = Release|Any CPU
	EndGlobalSection
	GlobalSection(SolutionProperties) = preSolution
		HideSolutionNode = FALSE
	EndGlobalSection
	GlobalSection(ExtensibilityGlobals) = postSolution
		SolutionGuid = {6BA9F630-7A33-4A4E-B02E-A4BACCA5B485}
	EndGlobalSection
EndGlobal
